{
  "name": "workshop",
  "requires": true,
  "lockfileVersion": 1,
  "dependencies": {
    "photon-colors": {
      "version": "3.3.2",
      "resolved": "https://registry.npmjs.org/photon-colors/-/photon-colors-3.3.2.tgz",
      "integrity": "sha512-xCeL7J2F8cjM00zQZEZawHAGnrSOM509RbanL4c8hvrV8n19V/wwdzydX6rSUEtLYj4nx4OvhmKC4/vujo9f/Q=="
    }
  }
}
